<?xml version="1.0" encoding="utf-8"?>
<Project ToolsVersion="4.0" xmlns="http://schemas.microsoft.com/developer/msbuild/2003">
  <ItemGroup>
    <Filter Include="Source Files">
      <UniqueIdentifier>{4FC737F1-C7A5-4376-A066-2A32D752A2FF}</UniqueIdentifier>
      <Extensions>cpp;c;cc;cxx;c++;cppm;ixx;def;odl;idl;hpj;bat;asm;asmx</Extensions>
    </Filter>
    <Filter Include="Header Files">
      <UniqueIdentifier>{93995380-89BD-4b04-88EB-625FBE52EBFB}</UniqueIdentifier>
      <Extensions>h;hh;hpp;hxx;h++;hm;inl;inc;ipp;xsd</Extensions>
    </Filter>
    <Filter Include="Resource Files">
      <UniqueIdentifier>{67DA6AB6-F800-4c08-8B7A-83BB121AAD01}</UniqueIdentifier>
      <Extensions>rc;ico;cur;bmp;dlg;rc2;rct;bin;rgs;gif;jpg;jpeg;jpe;resx;tiff;tif;png;wav;mfcribbon-ms</Extensions>
    </Filter>
    <Filter Include="Header Files\Components">
      <UniqueIdentifier>{eeb2081d-9fec-4ff9-aecf-48f89a5116b0}</UniqueIdentifier>
    </Filter>
    <Filter Include="Header Files\Math">
      <UniqueIdentifier>{e6f0bc5d-58e4-4771-a957-d3555b4112c9}</UniqueIdentifier>
    </Filter>
    <Filter Include="Source Files\Components">
      <UniqueIdentifier>{cb395229-d991-483f-ba30-be718a63cb9c}</UniqueIdentifier>
    </Filter>
    <Filter Include="Source Files\Math">
      <UniqueIdentifier>{989bd871-a300-4da9-bf6a-cc4231945bc3}</UniqueIdentifier>
    </Filter>
    <Filter Include="Header Files\Systems">
      <UniqueIdentifier>{22c0fbbd-5aaf-493b-ad3b-6635c10adeaf}</UniqueIdentifier>
    </Filter>
    <Filter Include="Source Files\Systems">
      <UniqueIdentifier>{b2479546-b582-4404-a793-3987654b5454}</UniqueIdentifier>
    </Filter>
  </ItemGroup>
  <ItemGroup>
    <ClCompile Include="main.c">
      <Filter>Source Files</Filter>
    </ClCompile>
    <ClCompile Include="Game.c">
      <Filter>Source Files</Filter>
    </ClCompile>
    <ClCompile Include="ECS.c">
      <Filter>Source Files</Filter>
    </ClCompile>
    <ClCompile Include="Position.c">
      <Filter>Source Files\Components</Filter>
    </ClCompile>
    <ClCompile Include="SpriteSystems.c">
      <Filter>Source Files\Systems</Filter>
    </ClCompile>
    <ClCompile Include="Sprite.c">
      <Filter>Source Files\Components</Filter>
    </ClCompile>
    <ClCompile Include="Tilemap.c">
      <Filter>Source Files</Filter>
    </ClCompile>
    <ClCompile Include="Editor.c">
      <Filter>Source Files\Components</Filter>
    </ClCompile>
    <ClCompile Include="EditorSystems.c">
      <Filter>Source Files\Systems</Filter>
    </ClCompile>
    <ClCompile Include="Animation.c">
      <Filter>Source Files\Components</Filter>
    </ClCompile>
    <ClCompile Include="AnimationSystems.c">
      <Filter>Source Files\Systems</Filter>
    </ClCompile>
    <ClCompile Include="Tile.c">
      <Filter>Source Files\Components</Filter>
    </ClCompile>
    <ClCompile Include="TileSystems.c">
      <Filter>Source Files\Systems</Filter>
    </ClCompile>
  </ItemGroup>
  <ItemGroup>
    <ClInclude Include="Game.h">
      <Filter>Header Files</Filter>
    </ClInclude>
    <ClInclude Include="misc.h">
      <Filter>Header Files</Filter>
    </ClInclude>
    <ClInclude Include="ECS.h">
      <Filter>Header Files</Filter>
    </ClInclude>
    <ClInclude Include="Position.h">
      <Filter>Header Files\Components</Filter>
    </ClInclude>
    <ClInclude Include="Vec2.h">
      <Filter>Header Files\Math</Filter>
    </ClInclude>
    <ClInclude Include="Tilemap.h">
      <Filter>Header Files</Filter>
    </ClInclude>
    <ClInclude Include="Sprite.h">
      <Filter>Header Files\Components</Filter>
    </ClInclude>
    <ClInclude Include="SpriteSystems.h">
      <Filter>Header Files\Systems</Filter>
    </ClInclude>
    <ClInclude Include="PositionSystems.h">
      <Filter>Header Files\Systems</Filter>
    </ClInclude>
    <ClInclude Include="Editor.h">
      <Filter>Header Files\Components</Filter>
    </ClInclude>
    <ClInclude Include="EditorSystems.h">
      <Filter>Header Files\Systems</Filter>
    </ClInclude>
    <ClInclude Include="Animation.h">
      <Filter>Header Files\Components</Filter>
    </ClInclude>
    <ClInclude Include="AnimationSystems.h">
      <Filter>Header Files\Systems</Filter>
    </ClInclude>
    <ClInclude Include="Tile.h">
      <Filter>Header Files\Components</Filter>
    </ClInclude>
    <ClInclude Include="TileSystems.h">
      <Filter>Header Files\Systems</Filter>
    </ClInclude>
  </ItemGroup>
</Project>